PODS:
  - CocoaAsyncSocket (7.5.1):
    - CocoaAsyncSocket/GCD (= 7.5.1)
  - CocoaAsyncSocket/GCD (7.5.1)
  - JSONModel (1.7.0)
  - lemon (1.1.4):
    - CocoaAsyncSocket (~> 7.5.1)
    - JSONModel (~> 1.7.0)

DEPENDENCIES:
  - lemon

SPEC REPOS:
  https://github.com/CocoaPods/Specs.git:
    - CocoaAsyncSocket
    - JSONModel
    - lemon

SPEC CHECKSUMS:
  CocoaAsyncSocket: e0a7e93b2ffa411592ff87e58524fbbc9b95b4fa
  JSONModel: 840bc0fcffb24b8454d2c026bf26fea454b8e98d
  lemon: 87eb88ff1664491204c251ceeac1e22d540eee82

PODFILE CHECKSUM: 464bb5a636551136f794ee4c0259de78c173d056

COCOAPODS: 1.5.0
