// !$*UTF8*$!
{
	archiveVersion = 1;
	classes = {
	};
	objectVersion = 48;
	objects = {

/* Begin PBXBuildFile section */
		000E6C4F8B8C42540E871962 /* libPods-LemonDemo.a in Frameworks */ = {isa = PBXBuildFile; fileRef = 47452EDC459B6EDEF7AC6939 /* libPods-LemonDemo.a */; };
		335BD7D424273655811E3BE9 /* libPods-LemonDemoUITests.a in Frameworks */ = {isa = PBXBuildFile; fileRef = 2F4620846E1CD13EFA6D047E /* libPods-LemonDemoUITests.a */; };
		6134DA7338990F9088C8A52C /* libPods-LemonDemoTests.a in Frameworks */ = {isa = PBXBuildFile; fileRef = 29C9DFAA85041E3AC4483A45 /* libPods-LemonDemoTests.a */; };
		9F28714D1FF01B2900E8B6AA /* AppDelegate.m in Sources */ = {isa = PBXBuildFile; fileRef = 9F28714C1FF01B2900E8B6AA /* AppDelegate.m */; };
		9F2871501FF01B2900E8B6AA /* ViewController.m in Sources */ = {isa = PBXBuildFile; fileRef = 9F28714F1FF01B2900E8B6AA /* ViewController.m */; };
		9F2871531FF01B2900E8B6AA /* Main.storyboard in Resources */ = {isa = PBXBuildFile; fileRef = 9F2871511FF01B2900E8B6AA /* Main.storyboard */; };
		9F2871551FF01B2900E8B6AA /* Assets.xcassets in Resources */ = {isa = PBXBuildFile; fileRef = 9F2871541FF01B2900E8B6AA /* Assets.xcassets */; };
		9F2871581FF01B2900E8B6AA /* LaunchScreen.storyboard in Resources */ = {isa = PBXBuildFile; fileRef = 9F2871561FF01B2900E8B6AA /* LaunchScreen.storyboard */; };
		9F28715B1FF01B2900E8B6AA /* main.m in Sources */ = {isa = PBXBuildFile; fileRef = 9F28715A1FF01B2900E8B6AA /* main.m */; };
		9F2871651FF01B2900E8B6AA /* LemonDemoTests.m in Sources */ = {isa = PBXBuildFile; fileRef = 9F2871641FF01B2900E8B6AA /* LemonDemoTests.m */; };
		9F2871701FF01B2900E8B6AA /* LemonDemoUITests.m in Sources */ = {isa = PBXBuildFile; fileRef = 9F28716F1FF01B2900E8B6AA /* LemonDemoUITests.m */; };
		9F28717E1FF01B9800E8B6AA /* Podfile in Resources */ = {isa = PBXBuildFile; fileRef = 9F28717D1FF01B9800E8B6AA /* Podfile */; };
/* End PBXBuildFile section */

/* Begin PBXContainerItemProxy section */
		9F2871611FF01B2900E8B6AA /* PBXContainerItemProxy */ = {
			isa = PBXContainerItemProxy;
			containerPortal = 9F2871401FF01B2900E8B6AA /* Project object */;
			proxyType = 1;
			remoteGlobalIDString = 9F2871471FF01B2900E8B6AA;
			remoteInfo = LemonDemo;
		};
		9F28716C1FF01B2900E8B6AA /* PBXContainerItemProxy */ = {
			isa = PBXContainerItemProxy;
			containerPortal = 9F2871401FF01B2900E8B6AA /* Project object */;
			proxyType = 1;
			remoteGlobalIDString = 9F2871471FF01B2900E8B6AA;
			remoteInfo = LemonDemo;
		};
/* End PBXContainerItemProxy section */

/* Begin PBXFileReference section */
		29C9DFAA85041E3AC4483A45 /* libPods-LemonDemoTests.a */ = {isa = PBXFileReference; explicitFileType = archive.ar; includeInIndex = 0; path = "libPods-LemonDemoTests.a"; sourceTree = BUILT_PRODUCTS_DIR; };
		2F4620846E1CD13EFA6D047E /* libPods-LemonDemoUITests.a */ = {isa = PBXFileReference; explicitFileType = archive.ar; includeInIndex = 0; path = "libPods-LemonDemoUITests.a"; sourceTree = BUILT_PRODUCTS_DIR; };
		47452EDC459B6EDEF7AC6939 /* libPods-LemonDemo.a */ = {isa = PBXFileReference; explicitFileType = archive.ar; includeInIndex = 0; path = "libPods-LemonDemo.a"; sourceTree = BUILT_PRODUCTS_DIR; };
		7B18A8B0932B586031A0B34A /* Pods-LemonDemoUITests.release.xcconfig */ = {isa = PBXFileReference; includeInIndex = 1; lastKnownFileType = text.xcconfig; name = "Pods-LemonDemoUITests.release.xcconfig"; path = "Pods/Target Support Files/Pods-LemonDemoUITests/Pods-LemonDemoUITests.release.xcconfig"; sourceTree = "<group>"; };
		7F3B277E1B5B0D3AA396FED6 /* Pods-LemonDemo.release.xcconfig */ = {isa = PBXFileReference; includeInIndex = 1; lastKnownFileType = text.xcconfig; name = "Pods-LemonDemo.release.xcconfig"; path = "Pods/Target Support Files/Pods-LemonDemo/Pods-LemonDemo.release.xcconfig"; sourceTree = "<group>"; };
		7F6719A45E81D24039CF8D06 /* Pods-LemonDemoUITests.debug.xcconfig */ = {isa = PBXFileReference; includeInIndex = 1; lastKnownFileType = text.xcconfig; name = "Pods-LemonDemoUITests.debug.xcconfig"; path = "Pods/Target Support Files/Pods-LemonDemoUITests/Pods-LemonDemoUITests.debug.xcconfig"; sourceTree = "<group>"; };
		868B6689FDDEC3FC06AECDCE /* Pods-LemonDemoTests.debug.xcconfig */ = {isa = PBXFileReference; includeInIndex = 1; lastKnownFileType = text.xcconfig; name = "Pods-LemonDemoTests.debug.xcconfig"; path = "Pods/Target Support Files/Pods-LemonDemoTests/Pods-LemonDemoTests.debug.xcconfig"; sourceTree = "<group>"; };
		9F2871481FF01B2900E8B6AA /* LemonDemo.app */ = {isa = PBXFileReference; explicitFileType = wrapper.application; includeInIndex = 0; path = LemonDemo.app; sourceTree = BUILT_PRODUCTS_DIR; };
		9F28714B1FF01B2900E8B6AA /* AppDelegate.h */ = {isa = PBXFileReference; lastKnownFileType = sourcecode.c.h; path = AppDelegate.h; sourceTree = "<group>"; };
		9F28714C1FF01B2900E8B6AA /* AppDelegate.m */ = {isa = PBXFileReference; lastKnownFileType = sourcecode.c.objc; path = AppDelegate.m; sourceTree = "<group>"; };
		9F28714E1FF01B2900E8B6AA /* ViewController.h */ = {isa = PBXFileReference; lastKnownFileType = sourcecode.c.h; path = ViewController.h; sourceTree = "<group>"; };
		9F28714F1FF01B2900E8B6AA /* ViewController.m */ = {isa = PBXFileReference; lastKnownFileType = sourcecode.c.objc; path = ViewController.m; sourceTree = "<group>"; };
		9F2871521FF01B2900E8B6AA /* Base */ = {isa = PBXFileReference; lastKnownFileType = file.storyboard; name = Base; path = Base.lproj/Main.storyboard; sourceTree = "<group>"; };
		9F2871541FF01B2900E8B6AA /* Assets.xcassets */ = {isa = PBXFileReference; lastKnownFileType = folder.assetcatalog; path = Assets.xcassets; sourceTree = "<group>"; };
		9F2871571FF01B2900E8B6AA /* Base */ = {isa = PBXFileReference; lastKnownFileType = file.storyboard; name = Base; path = Base.lproj/LaunchScreen.storyboard; sourceTree = "<group>"; };
		9F2871591FF01B2900E8B6AA /* Info.plist */ = {isa = PBXFileReference; lastKnownFileType = text.plist.xml; path = Info.plist; sourceTree = "<group>"; };
		9F28715A1FF01B2900E8B6AA /* main.m */ = {isa = PBXFileReference; lastKnownFileType = sourcecode.c.objc; path = main.m; sourceTree = "<group>"; };
		9F2871601FF01B2900E8B6AA /* LemonDemoTests.xctest */ = {isa = PBXFileReference; explicitFileType = wrapper.cfbundle; includeInIndex = 0; path = LemonDemoTests.xctest; sourceTree = BUILT_PRODUCTS_DIR; };
		9F2871641FF01B2900E8B6AA /* LemonDemoTests.m */ = {isa = PBXFileReference; lastKnownFileType = sourcecode.c.objc; path = LemonDemoTests.m; sourceTree = "<group>"; };
		9F2871661FF01B2900E8B6AA /* Info.plist */ = {isa = PBXFileReference; lastKnownFileType = text.plist.xml; path = Info.plist; sourceTree = "<group>"; };
		9F28716B1FF01B2900E8B6AA /* LemonDemoUITests.xctest */ = {isa = PBXFileReference; explicitFileType = wrapper.cfbundle; includeInIndex = 0; path = LemonDemoUITests.xctest; sourceTree = BUILT_PRODUCTS_DIR; };
		9F28716F1FF01B2900E8B6AA /* LemonDemoUITests.m */ = {isa = PBXFileReference; lastKnownFileType = sourcecode.c.objc; path = LemonDemoUITests.m; sourceTree = "<group>"; };
		9F2871711FF01B2900E8B6AA /* Info.plist */ = {isa = PBXFileReference; lastKnownFileType = text.plist.xml; path = Info.plist; sourceTree = "<group>"; };
		9F28717D1FF01B9800E8B6AA /* Podfile */ = {isa = PBXFileReference; fileEncoding = 4; lastKnownFileType = text; path = Podfile; sourceTree = "<group>"; xcLanguageSpecificationIdentifier = xcode.lang.ruby; };
		9F96AF2D1FF2408E002790F5 /* lemon.framework */ = {isa = PBXFileReference; lastKnownFileType = wrapper.framework; path = lemon.framework; sourceTree = "<group>"; };
		AAF5230EDA9553FB3640C92E /* Pods-LemonDemo.debug.xcconfig */ = {isa = PBXFileReference; includeInIndex = 1; lastKnownFileType = text.xcconfig; name = "Pods-LemonDemo.debug.xcconfig"; path = "Pods/Target Support Files/Pods-LemonDemo/Pods-LemonDemo.debug.xcconfig"; sourceTree = "<group>"; };
		B90ECC599343406909FC5CB5 /* Pods-LemonDemoTests.release.xcconfig */ = {isa = PBXFileReference; includeInIndex = 1; lastKnownFileType = text.xcconfig; name = "Pods-LemonDemoTests.release.xcconfig"; path = "Pods/Target Support Files/Pods-LemonDemoTests/Pods-LemonDemoTests.release.xcconfig"; sourceTree = "<group>"; };
/* End PBXFileReference section */

/* Begin PBXFrameworksBuildPhase section */
		9F2871451FF01B2900E8B6AA /* Frameworks */ = {
			isa = PBXFrameworksBuildPhase;
			buildActionMask = 2147483647;
			files = (
				000E6C4F8B8C42540E871962 /* libPods-LemonDemo.a in Frameworks */,
			);
			runOnlyForDeploymentPostprocessing = 0;
		};
		9F28715D1FF01B2900E8B6AA /* Frameworks */ = {
			isa = PBXFrameworksBuildPhase;
			buildActionMask = 2147483647;
			files = (
				6134DA7338990F9088C8A52C /* libPods-LemonDemoTests.a in Frameworks */,
			);
			runOnlyForDeploymentPostprocessing = 0;
		};
		9F2871681FF01B2900E8B6AA /* Frameworks */ = {
			isa = PBXFrameworksBuildPhase;
			buildActionMask = 2147483647;
			files = (
				335BD7D424273655811E3BE9 /* libPods-LemonDemoUITests.a in Frameworks */,
			);
			runOnlyForDeploymentPostprocessing = 0;
		};
/* End PBXFrameworksBuildPhase section */

/* Begin PBXGroup section */
		89DAB7FB10DBD2EB5C73BF86 /* Frameworks */ = {
			isa = PBXGroup;
			children = (
				9F96AF2D1FF2408E002790F5 /* lemon.framework */,
				47452EDC459B6EDEF7AC6939 /* libPods-LemonDemo.a */,
				29C9DFAA85041E3AC4483A45 /* libPods-LemonDemoTests.a */,
				2F4620846E1CD13EFA6D047E /* libPods-LemonDemoUITests.a */,
			);
			name = Frameworks;
			sourceTree = "<group>";
		};
		92D69EABCD295AFC8183FDF8 /* Pods */ = {
			isa = PBXGroup;
			children = (
				AAF5230EDA9553FB3640C92E /* Pods-LemonDemo.debug.xcconfig */,
				7F3B277E1B5B0D3AA396FED6 /* Pods-LemonDemo.release.xcconfig */,
				868B6689FDDEC3FC06AECDCE /* Pods-LemonDemoTests.debug.xcconfig */,
				B90ECC599343406909FC5CB5 /* Pods-LemonDemoTests.release.xcconfig */,
				7F6719A45E81D24039CF8D06 /* Pods-LemonDemoUITests.debug.xcconfig */,
				7B18A8B0932B586031A0B34A /* Pods-LemonDemoUITests.release.xcconfig */,
			);
			name = Pods;
			sourceTree = "<group>";
		};
		9F28713F1FF01B2900E8B6AA = {
			isa = PBXGroup;
			children = (
				9F28717D1FF01B9800E8B6AA /* Podfile */,
				9F28714A1FF01B2900E8B6AA /* LemonDemo */,
				9F2871631FF01B2900E8B6AA /* LemonDemoTests */,
				9F28716E1FF01B2900E8B6AA /* LemonDemoUITests */,
				9F2871491FF01B2900E8B6AA /* Products */,
				92D69EABCD295AFC8183FDF8 /* Pods */,
				89DAB7FB10DBD2EB5C73BF86 /* Frameworks */,
			);
			sourceTree = "<group>";
		};
		9F2871491FF01B2900E8B6AA /* Products */ = {
			isa = PBXGroup;
			children = (
				9F2871481FF01B2900E8B6AA /* LemonDemo.app */,
				9F2871601FF01B2900E8B6AA /* LemonDemoTests.xctest */,
				9F28716B1FF01B2900E8B6AA /* LemonDemoUITests.xctest */,
			);
			name = Products;
			sourceTree = "<group>";
		};
		9F28714A1FF01B2900E8B6AA /* LemonDemo */ = {
			isa = PBXGroup;
			children = (
				9F28714B1FF01B2900E8B6AA /* AppDelegate.h */,
				9F28714C1FF01B2900E8B6AA /* AppDelegate.m */,
				9F28714E1FF01B2900E8B6AA /* ViewController.h */,
				9F28714F1FF01B2900E8B6AA /* ViewController.m */,
				9F2871511FF01B2900E8B6AA /* Main.storyboard */,
				9F2871541FF01B2900E8B6AA /* Assets.xcassets */,
				9F2871561FF01B2900E8B6AA /* LaunchScreen.storyboard */,
				9F2871591FF01B2900E8B6AA /* Info.plist */,
				9F28715A1FF01B2900E8B6AA /* main.m */,
			);
			path = LemonDemo;
			sourceTree = "<group>";
		};
		9F2871631FF01B2900E8B6AA /* LemonDemoTests */ = {
			isa = PBXGroup;
			children = (
				9F2871641FF01B2900E8B6AA /* LemonDemoTests.m */,
				9F2871661FF01B2900E8B6AA /* Info.plist */,
			);
			path = LemonDemoTests;
			sourceTree = "<group>";
		};
		9F28716E1FF01B2900E8B6AA /* LemonDemoUITests */ = {
			isa = PBXGroup;
			children = (
				9F28716F1FF01B2900E8B6AA /* LemonDemoUITests.m */,
				9F2871711FF01B2900E8B6AA /* Info.plist */,
			);
			path = LemonDemoUITests;
			sourceTree = "<group>";
		};
/* End PBXGroup section */

/* Begin PBXNativeTarget section */
		9F2871471FF01B2900E8B6AA /* LemonDemo */ = {
			isa = PBXNativeTarget;
			buildConfigurationList = 9F2871741FF01B2900E8B6AA /* Build configuration list for PBXNativeTarget "LemonDemo" */;
			buildPhases = (
				FA2D0BB17A5241E54E9AEADD /* [CP] Check Pods Manifest.lock */,
				9F2871441FF01B2900E8B6AA /* Sources */,
				9F2871451FF01B2900E8B6AA /* Frameworks */,
				9F2871461FF01B2900E8B6AA /* Resources */,
			);
			buildRules = (
			);
			dependencies = (
			);
			name = LemonDemo;
			productName = LemonDemo;
			productReference = 9F2871481FF01B2900E8B6AA /* LemonDemo.app */;
			productType = "com.apple.product-type.application";
		};
		9F28715F1FF01B2900E8B6AA /* LemonDemoTests */ = {
			isa = PBXNativeTarget;
			buildConfigurationList = 9F2871771FF01B2900E8B6AA /* Build configuration list for PBXNativeTarget "LemonDemoTests" */;
			buildPhases = (
				82CBB58A9A07BCA8F1205EB8 /* [CP] Check Pods Manifest.lock */,
				9F28715C1FF01B2900E8B6AA /* Sources */,
				9F28715D1FF01B2900E8B6AA /* Frameworks */,
				9F28715E1FF01B2900E8B6AA /* Resources */,
			);
			buildRules = (
			);
			dependencies = (
				9F2871621FF01B2900E8B6AA /* PBXTargetDependency */,
			);
			name = LemonDemoTests;
			productName = LemonDemoTests;
			productReference = 9F2871601FF01B2900E8B6AA /* LemonDemoTests.xctest */;
			productType = "com.apple.product-type.bundle.unit-test";
		};
		9F28716A1FF01B2900E8B6AA /* LemonDemoUITests */ = {
			isa = PBXNativeTarget;
			buildConfigurationList = 9F28717A1FF01B2900E8B6AA /* Build configuration list for PBXNativeTarget "LemonDemoUITests" */;
			buildPhases = (
				65E2DB0A626654C254BD307C /* [CP] Check Pods Manifest.lock */,
				9F2871671FF01B2900E8B6AA /* Sources */,
				9F2871681FF01B2900E8B6AA /* Frameworks */,
				9F2871691FF01B2900E8B6AA /* Resources */,
			);
			buildRules = (
			);
			dependencies = (
				9F28716D1FF01B2900E8B6AA /* PBXTargetDependency */,
			);
			name = LemonDemoUITests;
			productName = LemonDemoUITests;
			productReference = 9F28716B1FF01B2900E8B6AA /* LemonDemoUITests.xctest */;
			productType = "com.apple.product-type.bundle.ui-testing";
		};
/* End PBXNativeTarget section */

/* Begin PBXProject section */
		9F2871401FF01B2900E8B6AA /* Project object */ = {
			isa = PBXProject;
			attributes = {
				LastUpgradeCheck = 0920;
				ORGANIZATIONNAME = "吴文卿";
				TargetAttributes = {
					9F2871471FF01B2900E8B6AA = {
						CreatedOnToolsVersion = 9.2;
						ProvisioningStyle = Automatic;
					};
					9F28715F1FF01B2900E8B6AA = {
						CreatedOnToolsVersion = 9.2;
						ProvisioningStyle = Automatic;
						TestTargetID = 9F2871471FF01B2900E8B6AA;
					};
					9F28716A1FF01B2900E8B6AA = {
						CreatedOnToolsVersion = 9.2;
						ProvisioningStyle = Automatic;
						TestTargetID = 9F2871471FF01B2900E8B6AA;
					};
				};
			};
			buildConfigurationList = 9F2871431FF01B2900E8B6AA /* Build configuration list for PBXProject "LemonDemo" */;
			compatibilityVersion = "Xcode 8.0";
			developmentRegion = en;
			hasScannedForEncodings = 0;
			knownRegions = (
				en,
				Base,
			);
			mainGroup = 9F28713F1FF01B2900E8B6AA;
			productRefGroup = 9F2871491FF01B2900E8B6AA /* Products */;
			projectDirPath = "";
			projectRoot = "";
			targets = (
				9F2871471FF01B2900E8B6AA /* LemonDemo */,
				9F28715F1FF01B2900E8B6AA /* LemonDemoTests */,
				9F28716A1FF01B2900E8B6AA /* LemonDemoUITests */,
			);
		};
/* End PBXProject section */

/* Begin PBXResourcesBuildPhase section */
		9F2871461FF01B2900E8B6AA /* Resources */ = {
			isa = PBXResourcesBuildPhase;
			buildActionMask = 2147483647;
			files = (
				9F2871581FF01B2900E8B6AA /* LaunchScreen.storyboard in Resources */,
				9F2871551FF01B2900E8B6AA /* Assets.xcassets in Resources */,
				9F28717E1FF01B9800E8B6AA /* Podfile in Resources */,
				9F2871531FF01B2900E8B6AA /* Main.storyboard in Resources */,
			);
			runOnlyForDeploymentPostprocessing = 0;
		};
		9F28715E1FF01B2900E8B6AA /* Resources */ = {
			isa = PBXResourcesBuildPhase;
			buildActionMask = 2147483647;
			files = (
			);
			runOnlyForDeploymentPostprocessing = 0;
		};
		9F2871691FF01B2900E8B6AA /* Resources */ = {
			isa = PBXResourcesBuildPhase;
			buildActionMask = 2147483647;
			files = (
			);
			runOnlyForDeploymentPostprocessing = 0;
		};
/* End PBXResourcesBuildPhase section */

/* Begin PBXShellScriptBuildPhase section */
		65E2DB0A626654C254BD307C /* [CP] Check Pods Manifest.lock */ = {
			isa = PBXShellScriptBuildPhase;
			buildActionMask = 2147483647;
			files = (
			);
			inputPaths = (
				"${PODS_PODFILE_DIR_PATH}/Podfile.lock",
				"${PODS_ROOT}/Manifest.lock",
			);
			name = "[CP] Check Pods Manifest.lock";
			outputPaths = (
				"$(DERIVED_FILE_DIR)/Pods-LemonDemoUITests-checkManifestLockResult.txt",
			);
			runOnlyForDeploymentPostprocessing = 0;
			shellPath = /bin/sh;
			shellScript = "diff \"${PODS_PODFILE_DIR_PATH}/Podfile.lock\" \"${PODS_ROOT}/Manifest.lock\" > /dev/null\nif [ $? != 0 ] ; then\n    # print error to STDERR\n    echo \"error: The sandbox is not in sync with the Podfile.lock. Run 'pod install' or update your CocoaPods installation.\" >&2\n    exit 1\nfi\n# This output is used by Xcode 'outputs' to avoid re-running this script phase.\necho \"SUCCESS\" > \"${SCRIPT_OUTPUT_FILE_0}\"\n";
			showEnvVarsInLog = 0;
		};
		82CBB58A9A07BCA8F1205EB8 /* [CP] Check Pods Manifest.lock */ = {
			isa = PBXShellScriptBuildPhase;
			buildActionMask = 2147483647;
			files = (
			);
			inputPaths = (
				"${PODS_PODFILE_DIR_PATH}/Podfile.lock",
				"${PODS_ROOT}/Manifest.lock",
			);
			name = "[CP] Check Pods Manifest.lock";
			outputPaths = (
				"$(DERIVED_FILE_DIR)/Pods-LemonDemoTests-checkManifestLockResult.txt",
			);
			runOnlyForDeploymentPostprocessing = 0;
			shellPath = /bin/sh;
			shellScript = "diff \"${PODS_PODFILE_DIR_PATH}/Podfile.lock\" \"${PODS_ROOT}/Manifest.lock\" > /dev/null\nif [ $? != 0 ] ; then\n    # print error to STDERR\n    echo \"error: The sandbox is not in sync with the Podfile.lock. Run 'pod install' or update your CocoaPods installation.\" >&2\n    exit 1\nfi\n# This output is used by Xcode 'outputs' to avoid re-running this script phase.\necho \"SUCCESS\" > \"${SCRIPT_OUTPUT_FILE_0}\"\n";
			showEnvVarsInLog = 0;
		};
		FA2D0BB17A5241E54E9AEADD /* [CP] Check Pods Manifest.lock */ = {
			isa = PBXShellScriptBuildPhase;
			buildActionMask = 2147483647;
			files = (
			);
			inputPaths = (
				"${PODS_PODFILE_DIR_PATH}/Podfile.lock",
				"${PODS_ROOT}/Manifest.lock",
			);
			name = "[CP] Check Pods Manifest.lock";
			outputPaths = (
				"$(DERIVED_FILE_DIR)/Pods-LemonDemo-checkManifestLockResult.txt",
			);
			runOnlyForDeploymentPostprocessing = 0;
			shellPath = /bin/sh;
			shellScript = "diff \"${PODS_PODFILE_DIR_PATH}/Podfile.lock\" \"${PODS_ROOT}/Manifest.lock\" > /dev/null\nif [ $? != 0 ] ; then\n    # print error to STDERR\n    echo \"error: The sandbox is not in sync with the Podfile.lock. Run 'pod install' or update your CocoaPods installation.\" >&2\n    exit 1\nfi\n# This output is used by Xcode 'outputs' to avoid re-running this script phase.\necho \"SUCCESS\" > \"${SCRIPT_OUTPUT_FILE_0}\"\n";
			showEnvVarsInLog = 0;
		};
/* End PBXShellScriptBuildPhase section */

/* Begin PBXSourcesBuildPhase section */
		9F2871441FF01B2900E8B6AA /* Sources */ = {
			isa = PBXSourcesBuildPhase;
			buildActionMask = 2147483647;
			files = (
				9F2871501FF01B2900E8B6AA /* ViewController.m in Sources */,
				9F28715B1FF01B2900E8B6AA /* main.m in Sources */,
				9F28714D1FF01B2900E8B6AA /* AppDelegate.m in Sources */,
			);
			runOnlyForDeploymentPostprocessing = 0;
		};
		9F28715C1FF01B2900E8B6AA /* Sources */ = {
			isa = PBXSourcesBuildPhase;
			buildActionMask = 2147483647;
			files = (
				9F2871651FF01B2900E8B6AA /* LemonDemoTests.m in Sources */,
			);
			runOnlyForDeploymentPostprocessing = 0;
		};
		9F2871671FF01B2900E8B6AA /* Sources */ = {
			isa = PBXSourcesBuildPhase;
			buildActionMask = 2147483647;
			files = (
				9F2871701FF01B2900E8B6AA /* LemonDemoUITests.m in Sources */,
			);
			runOnlyForDeploymentPostprocessing = 0;
		};
/* End PBXSourcesBuildPhase section */

/* Begin PBXTargetDependency section */
		9F2871621FF01B2900E8B6AA /* PBXTargetDependency */ = {
			isa = PBXTargetDependency;
			target = 9F2871471FF01B2900E8B6AA /* LemonDemo */;
			targetProxy = 9F2871611FF01B2900E8B6AA /* PBXContainerItemProxy */;
		};
		9F28716D1FF01B2900E8B6AA /* PBXTargetDependency */ = {
			isa = PBXTargetDependency;
			target = 9F2871471FF01B2900E8B6AA /* LemonDemo */;
			targetProxy = 9F28716C1FF01B2900E8B6AA /* PBXContainerItemProxy */;
		};
/* End PBXTargetDependency section */

/* Begin PBXVariantGroup section */
		9F2871511FF01B2900E8B6AA /* Main.storyboard */ = {
			isa = PBXVariantGroup;
			children = (
				9F2871521FF01B2900E8B6AA /* Base */,
			);
			name = Main.storyboard;
			sourceTree = "<group>";
		};
		9F2871561FF01B2900E8B6AA /* LaunchScreen.storyboard */ = {
			isa = PBXVariantGroup;
			children = (
				9F2871571FF01B2900E8B6AA /* Base */,
			);
			name = LaunchScreen.storyboard;
			sourceTree = "<group>";
		};
/* End PBXVariantGroup section */

/* Begin XCBuildConfiguration section */
		9F2871721FF01B2900E8B6AA /* Debug */ = {
			isa = XCBuildConfiguration;
			buildSettings = {
				ALWAYS_SEARCH_USER_PATHS = NO;
				CLANG_ANALYZER_NONNULL = YES;
				CLANG_ANALYZER_NUMBER_OBJECT_CONVERSION = YES_AGGRESSIVE;
				CLANG_CXX_LANGUAGE_STANDARD = "gnu++14";
				CLANG_CXX_LIBRARY = "libc++";
				CLANG_ENABLE_MODULES = YES;
				CLANG_ENABLE_OBJC_ARC = YES;
				CLANG_WARN_BLOCK_CAPTURE_AUTORELEASING = YES;
				CLANG_WARN_BOOL_CONVERSION = YES;
				CLANG_WARN_COMMA = YES;
				CLANG_WARN_CONSTANT_CONVERSION = YES;
				CLANG_WARN_DIRECT_OBJC_ISA_USAGE = YES_ERROR;
				CLANG_WARN_DOCUMENTATION_COMMENTS = YES;
				CLANG_WARN_EMPTY_BODY = YES;
				CLANG_WARN_ENUM_CONVERSION = YES;
				CLANG_WARN_INFINITE_RECURSION = YES;
				CLANG_WARN_INT_CONVERSION = YES;
				CLANG_WARN_NON_LITERAL_NULL_CONVERSION = YES;
				CLANG_WARN_OBJC_LITERAL_CONVERSION = YES;
				CLANG_WARN_OBJC_ROOT_CLASS = YES_ERROR;
				CLANG_WARN_RANGE_LOOP_ANALYSIS = YES;
				CLANG_WARN_STRICT_PROTOTYPES = YES;
				CLANG_WARN_SUSPICIOUS_MOVE = YES;
				CLANG_WARN_UNGUARDED_AVAILABILITY = YES_AGGRESSIVE;
				CLANG_WARN_UNREACHABLE_CODE = YES;
				CLANG_WARN__DUPLICATE_METHOD_MATCH = YES;
				CODE_SIGN_IDENTITY = "iPhone Developer";
				COPY_PHASE_STRIP = NO;
				DEBUG_INFORMATION_FORMAT = dwarf;
				ENABLE_STRICT_OBJC_MSGSEND = YES;
				ENABLE_TESTABILITY = YES;
				GCC_C_LANGUAGE_STANDARD = gnu11;
				GCC_DYNAMIC_NO_PIC = NO;
				GCC_NO_COMMON_BLOCKS = YES;
				GCC_OPTIMIZATION_LEVEL = 0;
				GCC_PREPROCESSOR_DEFINITIONS = (
					"DEBUG=1",
					"$(inherited)",
				);
				GCC_WARN_64_TO_32_BIT_CONVERSION = YES;
				GCC_WARN_ABOUT_RETURN_TYPE = YES_ERROR;
				GCC_WARN_UNDECLARED_SELECTOR = YES;
				GCC_WARN_UNINITIALIZED_AUTOS = YES_AGGRESSIVE;
				GCC_WARN_UNUSED_FUNCTION = YES;
				GCC_WARN_UNUSED_VARIABLE = YES;
				IPHONEOS_DEPLOYMENT_TARGET = 9.0;
				MTL_ENABLE_DEBUG_INFO = YES;
				ONLY_ACTIVE_ARCH = YES;
				SDKROOT = iphoneos;
			};
			name = Debug;
		};
		9F2871731FF01B2900E8B6AA /* Release */ = {
			isa = XCBuildConfiguration;
			buildSettings = {
				ALWAYS_SEARCH_USER_PATHS = NO;
				CLANG_ANALYZER_NONNULL = YES;
				CLANG_ANALYZER_NUMBER_OBJECT_CONVERSION = YES_AGGRESSIVE;
				CLANG_CXX_LANGUAGE_STANDARD = "gnu++14";
				CLANG_CXX_LIBRARY = "libc++";
				CLANG_ENABLE_MODULES = YES;
				CLANG_ENABLE_OBJC_ARC = YES;
				CLANG_WARN_BLOCK_CAPTURE_AUTORELEASING = YES;
				CLANG_WARN_BOOL_CONVERSION = YES;
				CLANG_WARN_COMMA = YES;
				CLANG_WARN_CONSTANT_CONVERSION = YES;
				CLANG_WARN_DIRECT_OBJC_ISA_USAGE = YES_ERROR;
				CLANG_WARN_DOCUMENTATION_COMMENTS = YES;
				CLANG_WARN_EMPTY_BODY = YES;
				CLANG_WARN_ENUM_CONVERSION = YES;
				CLANG_WARN_INFINITE_RECURSION = YES;
				CLANG_WARN_INT_CONVERSION = YES;
				CLANG_WARN_NON_LITERAL_NULL_CONVERSION = YES;
				CLANG_WARN_OBJC_LITERAL_CONVERSION = YES;
				CLANG_WARN_OBJC_ROOT_CLASS = YES_ERROR;
				CLANG_WARN_RANGE_LOOP_ANALYSIS = YES;
				CLANG_WARN_STRICT_PROTOTYPES = YES;
				CLANG_WARN_SUSPICIOUS_MOVE = YES;
				CLANG_WARN_UNGUARDED_AVAILABILITY = YES_AGGRESSIVE;
				CLANG_WARN_UNREACHABLE_CODE = YES;
				CLANG_WARN__DUPLICATE_METHOD_MATCH = YES;
				CODE_SIGN_IDENTITY = "iPhone Developer";
				COPY_PHASE_STRIP = NO;
				DEBUG_INFORMATION_FORMAT = "dwarf-with-dsym";
				ENABLE_NS_ASSERTIONS = NO;
				ENABLE_STRICT_OBJC_MSGSEND = YES;
				GCC_C_LANGUAGE_STANDARD = gnu11;
				GCC_NO_COMMON_BLOCKS = YES;
				GCC_WARN_64_TO_32_BIT_CONVERSION = YES;
				GCC_WARN_ABOUT_RETURN_TYPE = YES_ERROR;
				GCC_WARN_UNDECLARED_SELECTOR = YES;
				GCC_WARN_UNINITIALIZED_AUTOS = YES_AGGRESSIVE;
				GCC_WARN_UNUSED_FUNCTION = YES;
				GCC_WARN_UNUSED_VARIABLE = YES;
				IPHONEOS_DEPLOYMENT_TARGET = 9.0;
				MTL_ENABLE_DEBUG_INFO = NO;
				SDKROOT = iphoneos;
				VALIDATE_PRODUCT = YES;
			};
			name = Release;
		};
		9F2871751FF01B2900E8B6AA /* Debug */ = {
			isa = XCBuildConfiguration;
			baseConfigurationReference = AAF5230EDA9553FB3640C92E /* Pods-LemonDemo.debug.xcconfig */;
			buildSettings = {
				ASSETCATALOG_COMPILER_APPICON_NAME = AppIcon;
				CODE_SIGN_STYLE = Automatic;
				DEVELOPMENT_TEAM = VK8PD7Z4QE;
				FRAMEWORK_SEARCH_PATHS = (
					"$(inherited)",
					"$(PROJECT_DIR)",
				);
				INFOPLIST_FILE = LemonDemo/Info.plist;
				LD_RUNPATH_SEARCH_PATHS = "$(inherited) @executable_path/Frameworks";
				PRODUCT_BUNDLE_IDENTIFIER = tech.lemoncloud.LemonDemo;
				PRODUCT_NAME = "$(TARGET_NAME)";
				TARGETED_DEVICE_FAMILY = "1,2";
			};
			name = Debug;
		};
		9F2871761FF01B2900E8B6AA /* Release */ = {
			isa = XCBuildConfiguration;
			baseConfigurationReference = 7F3B277E1B5B0D3AA396FED6 /* Pods-LemonDemo.release.xcconfig */;
			buildSettings = {
				ASSETCATALOG_COMPILER_APPICON_NAME = AppIcon;
				CODE_SIGN_STYLE = Automatic;
				DEVELOPMENT_TEAM = VK8PD7Z4QE;
				FRAMEWORK_SEARCH_PATHS = (
					"$(inherited)",
					"$(PROJECT_DIR)",
				);
				INFOPLIST_FILE = LemonDemo/Info.plist;
				LD_RUNPATH_SEARCH_PATHS = "$(inherited) @executable_path/Frameworks";
				PRODUCT_BUNDLE_IDENTIFIER = tech.lemoncloud.LemonDemo;
				PRODUCT_NAME = "$(TARGET_NAME)";
				TARGETED_DEVICE_FAMILY = "1,2";
			};
			name = Release;
		};
		9F2871781FF01B2900E8B6AA /* Debug */ = {
			isa = XCBuildConfiguration;
			baseConfigurationReference = 868B6689FDDEC3FC06AECDCE /* Pods-LemonDemoTests.debug.xcconfig */;
			buildSettings = {
				BUNDLE_LOADER = "$(TEST_HOST)";
				CODE_SIGN_STYLE = Automatic;
				DEVELOPMENT_TEAM = VK8PD7Z4QE;
				INFOPLIST_FILE = LemonDemoTests/Info.plist;
				LD_RUNPATH_SEARCH_PATHS = "$(inherited) @executable_path/Frameworks @loader_path/Frameworks";
				PRODUCT_BUNDLE_IDENTIFIER = tech.lemoncloud.LemonDemoTests;
				PRODUCT_NAME = "$(TARGET_NAME)";
				TARGETED_DEVICE_FAMILY = "1,2";
				TEST_HOST = "$(BUILT_PRODUCTS_DIR)/LemonDemo.app/LemonDemo";
			};
			name = Debug;
		};
		9F2871791FF01B2900E8B6AA /* Release */ = {
			isa = XCBuildConfiguration;
			baseConfigurationReference = B90ECC599343406909FC5CB5 /* Pods-LemonDemoTests.release.xcconfig */;
			buildSettings = {
				BUNDLE_LOADER = "$(TEST_HOST)";
				CODE_SIGN_STYLE = Automatic;
				DEVELOPMENT_TEAM = VK8PD7Z4QE;
				INFOPLIST_FILE = LemonDemoTests/Info.plist;
				LD_RUNPATH_SEARCH_PATHS = "$(inherited) @executable_path/Frameworks @loader_path/Frameworks";
				PRODUCT_BUNDLE_IDENTIFIER = tech.lemoncloud.LemonDemoTests;
				PRODUCT_NAME = "$(TARGET_NAME)";
				TARGETED_DEVICE_FAMILY = "1,2";
				TEST_HOST = "$(BUILT_PRODUCTS_DIR)/LemonDemo.app/LemonDemo";
			};
			name = Release;
		};
		9F28717B1FF01B2900E8B6AA /* Debug */ = {
			isa = XCBuildConfiguration;
			baseConfigurationReference = 7F6719A45E81D24039CF8D06 /* Pods-LemonDemoUITests.debug.xcconfig */;
			buildSettings = {
				CODE_SIGN_STYLE = Automatic;
				DEVELOPMENT_TEAM = VK8PD7Z4QE;
				INFOPLIST_FILE = LemonDemoUITests/Info.plist;
				LD_RUNPATH_SEARCH_PATHS = "$(inherited) @executable_path/Frameworks @loader_path/Frameworks";
				PRODUCT_BUNDLE_IDENTIFIER = tech.lemoncloud.LemonDemoUITests;
				PRODUCT_NAME = "$(TARGET_NAME)";
				TARGETED_DEVICE_FAMILY = "1,2";
				TEST_TARGET_NAME = LemonDemo;
			};
			name = Debug;
		};
		9F28717C1FF01B2900E8B6AA /* Release */ = {
			isa = XCBuildConfiguration;
			baseConfigurationReference = 7B18A8B0932B586031A0B34A /* Pods-LemonDemoUITests.release.xcconfig */;
			buildSettings = {
				CODE_SIGN_STYLE = Automatic;
				DEVELOPMENT_TEAM = VK8PD7Z4QE;
				INFOPLIST_FILE = LemonDemoUITests/Info.plist;
				LD_RUNPATH_SEARCH_PATHS = "$(inherited) @executable_path/Frameworks @loader_path/Frameworks";
				PRODUCT_BUNDLE_IDENTIFIER = tech.lemoncloud.LemonDemoUITests;
				PRODUCT_NAME = "$(TARGET_NAME)";
				TARGETED_DEVICE_FAMILY = "1,2";
				TEST_TARGET_NAME = LemonDemo;
			};
			name = Release;
		};
/* End XCBuildConfiguration section */

/* Begin XCConfigurationList section */
		9F2871431FF01B2900E8B6AA /* Build configuration list for PBXProject "LemonDemo" */ = {
			isa = XCConfigurationList;
			buildConfigurations = (
				9F2871721FF01B2900E8B6AA /* Debug */,
				9F2871731FF01B2900E8B6AA /* Release */,
			);
			defaultConfigurationIsVisible = 0;
			defaultConfigurationName = Release;
		};
		9F2871741FF01B2900E8B6AA /* Build configuration list for PBXNativeTarget "LemonDemo" */ = {
			isa = XCConfigurationList;
			buildConfigurations = (
				9F2871751FF01B2900E8B6AA /* Debug */,
				9F2871761FF01B2900E8B6AA /* Release */,
			);
			defaultConfigurationIsVisible = 0;
			defaultConfigurationName = Release;
		};
		9F2871771FF01B2900E8B6AA /* Build configuration list for PBXNativeTarget "LemonDemoTests" */ = {
			isa = XCConfigurationList;
			buildConfigurations = (
				9F2871781FF01B2900E8B6AA /* Debug */,
				9F2871791FF01B2900E8B6AA /* Release */,
			);
			defaultConfigurationIsVisible = 0;
			defaultConfigurationName = Release;
		};
		9F28717A1FF01B2900E8B6AA /* Build configuration list for PBXNativeTarget "LemonDemoUITests" */ = {
			isa = XCConfigurationList;
			buildConfigurations = (
				9F28717B1FF01B2900E8B6AA /* Debug */,
				9F28717C1FF01B2900E8B6AA /* Release */,
			);
			defaultConfigurationIsVisible = 0;
			defaultConfigurationName = Release;
		};
/* End XCConfigurationList section */
	};
	rootObject = 9F2871401FF01B2900E8B6AA /* Project object */;
}
